
Microsoft Visual Studio Solution File, Format Version 12.00
# Visual Studio Version 17
VisualStudioVersion = 17.3.32922.545
MinimumVisualStudioVersion = 10.0.40219.1
Project("{FAE04EC0-301F-11D3-BF4B-00C04F79EFBC}") = "OrgaHackat", "OrgaHackat\OrgaHackat.csproj", "{EE339A8B-98B1-46A6-A4AB-A87C45E9E9FE}"
EndProject
Global
	GlobalSection(SolutionConfigurationPlatforms) = preSolution
		Debug|Any CPU = Debug|Any CPU
		Release|Any CPU = Release|Any CPU
	EndGlobalSection
	GlobalSection(ProjectConfigurationPlatforms) = postSolution
		{EE339A8B-98B1-46A6-A4AB-A87C45E9E9FE}.Debug|Any CPU.ActiveCfg = Debug|Any CPU
		{EE339A8B-98B1-46A6-A4AB-A87C45E9E9FE}.Debug|Any CPU.Build.0 = Debug|Any CPU
		{EE339A8B-98B1-46A6-A4AB-A87C45E9E9FE}.Release|Any CPU.ActiveCfg = Release|Any CPU
		{EE339A8B-98B1-46A6-A4AB-A87C45E9E9FE}.Release|Any CPU.Build.0 = Release|Any CPU
	EndGlobalSection
	GlobalSection(SolutionProperties) = preSolution
		HideSolutionNode = FALSE
	EndGlobalSection
	GlobalSection(ExtensibilityGlobals) = postSolution
		SolutionGuid = {C4B282BD-4A2D-492C-9E4D-F11A3DEA7DCE}
	EndGlobalSection
EndGlobal
